{
  "lockfileVersion": 2,
  "configVersion": 1,
  "workspaces": {
    "": {
      "name": "effra-prototype",
      "dependencies": {
        "effect": "4.0.1",
      },
    },
  },
  "packages": {
    "effect": ["effect@4.0.1", "", {}, "sha512-b1VlQG9g8fwxE5QnIZuPoOP/0MsqHJSRKxUijjoM80E5q95FXrX5yWtY5XI8G+GJsBQAVSDbLS458z9a++uVvw=="],
  }
}
